
Microsoft Visual Studio Solution File, Format Version 12.00
# Visual Studio Version 17
VisualStudioVersion = 17.4.33213.308
MinimumVisualStudioVersion = 10.0.40219.1
Project("{9A19103F-16F7-4668-BE54-9A1E7A4F7556}") = "Bookstore.Service", "Bookstore.Service.csproj", "{21A7C309-FCB8-4530-BC1D-2A1AD61330BE}"
EndProject
Global
	GlobalSection(SolutionConfigurationPlatforms) = preSolution
		Debug|Any CPU = Debug|Any CPU
		Release|Any CPU = Release|Any CPU
	EndGlobalSection
	GlobalSection(ProjectConfigurationPlatforms) = postSolution
		{21A7C309-FCB8-4530-BC1D-2A1AD61330BE}.Debug|Any CPU.ActiveCfg = Debug|Any CPU
		{21A7C309-FCB8-4530-BC1D-2A1AD61330BE}.Debug|Any CPU.Build.0 = Debug|Any CPU
		{21A7C309-FCB8-4530-BC1D-2A1AD61330BE}.Release|Any CPU.ActiveCfg = Release|Any CPU
		{21A7C309-FCB8-4530-BC1D-2A1AD61330BE}.Release|Any CPU.Build.0 = Release|Any CPU
	EndGlobalSection
	GlobalSection(SolutionProperties) = preSolution
		HideSolutionNode = FALSE
	EndGlobalSection
	GlobalSection(ExtensibilityGlobals) = postSolution
		SolutionGuid = {0FFEDAB9-F49E-4C16-9A9F-C4BB17FAC927}
	EndGlobalSection
EndGlobal
